# This file is automatically @generated by Cargo.
# It is not intended for manual editing.
version = 3

[[package]]
name = "chaos-android"
version = "0.0.20"
dependencies = [
 "chaos-model",
 "chaos-probe",
 "chaos-serve",
]

[[package]]
name = "chaos-app"
version = "0.0.20"
dependencies = [
 "chaos-build",
 "chaos-gguf",
 "chaos-model",
 "chaos-probe",
]

[[package]]
name = "chaos-arch"
version = "0.0.20"
dependencies = [
 "chaos-build",
 "chaos-ggml",
 "chaos-gguf",
 "chaos-grammar",
 "chaos-io",
 "chaos-jinja",
 "chaos-model",
 "chaos-probe",
 "chaos-tokenizer",
]

[[package]]
name = "chaos-build"
version = "0.0.20"

[[package]]
name = "chaos-ggml"
version = "0.0.20"
dependencies = [
 "chaos-gguf",
 "chaos-model",
]

[[package]]
name = "chaos-gguf"
version = "0.0.20"
dependencies = [
 "chaos-build",
]

[[package]]
name = "chaos-grammar"
version = "0.0.20"

[[package]]
name = "chaos-image"
version = "0.0.20"
dependencies = [
 "chaos-build",
 "chaos-ggml",
 "chaos-gguf",
 "chaos-grammar",
 "chaos-model",
 "chaos-tokenizer",
]

[[package]]
name = "chaos-io"
version = "0.0.20"
dependencies = [
 "chaos-build",
]

[[package]]
name = "chaos-jinja"
version = "0.0.20"

[[package]]
name = "chaos-model"
version = "0.0.20"
dependencies = [
 "chaos-build",
 "chaos-gguf",
 "chaos-io",
 "chaos-plan",
 "chaos-probe",
]

[[package]]
name = "chaos-plan"
version = "0.0.20"
dependencies = [
 "chaos-gguf",
]

[[package]]
name = "chaos-probe"
version = "0.0.20"
dependencies = [
 "chaos-build",
]

[[package]]
name = "chaos-run"
version = "0.0.20"
dependencies = [
 "chaos-arch",
 "chaos-build",
 "chaos-ggml",
 "chaos-gguf",
 "chaos-grammar",
 "chaos-io",
 "chaos-jinja",
 "chaos-model",
 "chaos-probe",
 "chaos-tokenizer",
]

[[package]]
name = "chaos-serve"
version = "0.0.20"
dependencies = [
 "chaos-arch",
 "chaos-build",
 "chaos-ggml",
 "chaos-gguf",
 "chaos-grammar",
 "chaos-io",
 "chaos-jinja",
 "chaos-model",
 "chaos-probe",
 "chaos-tokenizer",
]

[[package]]
name = "chaos-setup"
version = "0.0.20"
dependencies = [
 "chaos-app",
 "chaos-build",
]

[[package]]
name = "chaos-tokenizer"
version = "0.0.20"
dependencies = [
 "chaos-gguf",
 "chaos-model",
]

[[package]]
name = "chaos-worker"
version = "0.0.20"
dependencies = [
 "chaos-build",
 "chaos-ggml",
 "chaos-gguf",
 "chaos-model",
 "chaos-probe",
]
